
Microsoft Visual Studio Solution File, Format Version 12.00
# Visual Studio Version 17
VisualStudioVersion = 17.8.34330.188
MinimumVisualStudioVersion = 10.0.40219.1
Project("{FAE04EC0-301F-11D3-BF4B-00C04F79EFBC}") = "DM_project", "DM_project\DM_project.csproj", "{B0A033DE-0AC1-4317-AF23-3D455562BA93}"
EndProject
Global
	GlobalSection(SolutionConfigurationPlatforms) = preSolution
		Debug|Any CPU = Debug|Any CPU
		Release|Any CPU = Release|Any CPU
	EndGlobalSection
	GlobalSection(ProjectConfigurationPlatforms) = postSolution
		{B0A033DE-0AC1-4317-AF23-3D455562BA93}.Debug|Any CPU.ActiveCfg = Debug|Any CPU
		{B0A033DE-0AC1-4317-AF23-3D455562BA93}.Debug|Any CPU.Build.0 = Debug|Any CPU
		{B0A033DE-0AC1-4317-AF23-3D455562BA93}.Release|Any CPU.ActiveCfg = Release|Any CPU
		{B0A033DE-0AC1-4317-AF23-3D455562BA93}.Release|Any CPU.Build.0 = Release|Any CPU
	EndGlobalSection
	GlobalSection(SolutionProperties) = preSolution
		HideSolutionNode = FALSE
	EndGlobalSection
	GlobalSection(ExtensibilityGlobals) = postSolution
		SolutionGuid = {2F4F22AC-28A6-449C-A87C-28929E147E20}
	EndGlobalSection
EndGlobal
